
Microsoft Visual Studio Solution File, Format Version 12.00
# Visual Studio Version 17
VisualStudioVersion = 17.7.34024.191
MinimumVisualStudioVersion = 10.0.40219.1
Project("{9A19103F-16F7-4668-BE54-9A1E7A4F7556}") = "curso cubit web", "curso cubit web\curso cubit web.csproj", "{00E65A61-DCB3-4006-ADC6-534465396458}"
EndProject
Project("{FAE04EC0-301F-11D3-BF4B-00C04F79EFBC}") = "WcfLibrary", "WcfLibrary\WcfLibrary.csproj", "{30848DBE-447A-4B7C-9D2C-5D3EDAB76A69}"
EndProject
Global
	GlobalSection(SolutionConfigurationPlatforms) = preSolution
		Debug|Any CPU = Debug|Any CPU
		Release|Any CPU = Release|Any CPU
	EndGlobalSection
	GlobalSection(ProjectConfigurationPlatforms) = postSolution
		{00E65A61-DCB3-4006-ADC6-534465396458}.Debug|Any CPU.ActiveCfg = Debug|Any CPU
		{00E65A61-DCB3-4006-ADC6-534465396458}.Debug|Any CPU.Build.0 = Debug|Any CPU
		{00E65A61-DCB3-4006-ADC6-534465396458}.Release|Any CPU.ActiveCfg = Release|Any CPU
		{00E65A61-DCB3-4006-ADC6-534465396458}.Release|Any CPU.Build.0 = Release|Any CPU
		{30848DBE-447A-4B7C-9D2C-5D3EDAB76A69}.Debug|Any CPU.ActiveCfg = Debug|Any CPU
		{30848DBE-447A-4B7C-9D2C-5D3EDAB76A69}.Debug|Any CPU.Build.0 = Debug|Any CPU
		{30848DBE-447A-4B7C-9D2C-5D3EDAB76A69}.Release|Any CPU.ActiveCfg = Release|Any CPU
		{30848DBE-447A-4B7C-9D2C-5D3EDAB76A69}.Release|Any CPU.Build.0 = Release|Any CPU
	EndGlobalSection
	GlobalSection(SolutionProperties) = preSolution
		HideSolutionNode = FALSE
	EndGlobalSection
	GlobalSection(ExtensibilityGlobals) = postSolution
		SolutionGuid = {1DC57120-D9C1-4A43-918D-C2F99BBD053F}
	EndGlobalSection
EndGlobal
